{
  "name": "monaco-botframework-lu",
  "version": "1.0.0",
  "lockfileVersion": 1,
  "requires": true,
  "dependencies": {
    "commander": {
      "version": "2.20.3",
      "resolved": "https://registry.npmjs.org/commander/-/commander-2.20.3.tgz",
      "integrity": "sha512-GpVkmM8vF2vQUkj2LvZmD35JxeJOLCwJ9cUkugyk2nuhbv3+mJvpLYYt+0+USMxE+oj+ey/lJEnhZw75x/OMcQ==",
      "dev": true
    },
    "monaco-editor-core": {
      "version": "0.16.1",
      "resolved": "https://registry.npmjs.org/monaco-editor-core/-/monaco-editor-core-0.16.1.tgz",
      "integrity": "sha512-nydAuVbU3B1T/sNz4ZiO+92HUnLyVE4YQWr91R8WDEBItFZuwPs7Z2VaCTgouU6BwNrSnDdK/kAyhKgpih+GHQ==",
      "dev": true
    },
    "monaco-languages": {
      "version": "1.8.0",
      "resolved": "https://registry.npmjs.org/monaco-languages/-/monaco-languages-1.8.0.tgz",
      "integrity": "sha512-vC/lqNgSslQT3vSlNOpyT34ELK0eoNbA/rHUvTUjQemIiR1GpRMKhuwB21BqzWk+0MjZuJydGSCQMCebBge7jg==",
      "dev": true
    },
    "monaco-plugin-helpers": {
      "version": "1.0.2",
      "resolved": "https://registry.npmjs.org/monaco-plugin-helpers/-/monaco-plugin-helpers-1.0.2.tgz",
      "integrity": "sha512-7kUx8dtd5qVNVgUARBRhnM8oftPglYwlINfigC4yGUiuzqtIN22u1tly8umiOCIPR0eFiBLjt6aN23oZh2QJgg==",
      "dev": true,
      "requires": {
        "typescript": "^2.7.2"
      },
      "dependencies": {
        "typescript": {
          "version": "2.9.2",
          "resolved": "https://registry.npmjs.org/typescript/-/typescript-2.9.2.tgz",
          "integrity": "sha512-Gr4p6nFNaoufRIY4NMdpQRNmgxVIGMs4Fcu/ujdYk3nAZqk7supzBE9idmvfZIlH/Cuj//dvi+019qEue9lV0w==",
          "dev": true
        }
      }
    },
    "requirejs": {
      "version": "2.3.6",
      "resolved": "https://registry.npmjs.org/requirejs/-/requirejs-2.3.6.tgz",
      "integrity": "sha512-ipEzlWQe6RK3jkzikgCupiTbTvm4S0/CAU5GlgptkN5SO6F3u0UD0K18wy6ErDqiCyP4J4YYe1HuAShvsxePLg==",
      "dev": true
    },
    "source-map": {
      "version": "0.6.1",
      "resolved": "https://registry.npmjs.org/source-map/-/source-map-0.6.1.tgz",
      "integrity": "sha512-UjgapumWlbMhkBgzT7Ykc5YXUT46F0iKu8SGXq0bcwP5dz/h0Plj6enJqjz1Zbq2l5WaqYnrVbwWOWMyF3F47g==",
      "dev": true
    },
    "typescript": {
      "version": "3.6.4",
      "resolved": "https://registry.npmjs.org/typescript/-/typescript-3.6.4.tgz",
      "integrity": "sha512-unoCll1+l+YK4i4F8f22TaNVPRHcD9PA3yCuZ8g5e0qGqlVlJ/8FSateOLLSagn+Yg5+ZwuPkL8LFUc0Jcvksg==",
      "dev": true
    },
    "uglify-js": {
      "version": "3.6.4",
      "resolved": "https://registry.npmjs.org/uglify-js/-/uglify-js-3.6.4.tgz",
      "integrity": "sha512-9Yc2i881pF4BPGhjteCXQNaXx1DCwm3dtOyBaG2hitHjLWOczw/ki8vD1bqyT3u6K0Ms/FpCShkmfg+FtlOfYA==",
      "dev": true,
      "requires": {
        "commander": "~2.20.3",
        "source-map": "~0.6.1"
      }
    }
  }
}
